
Microsoft Visual Studio Solution File, Format Version 12.00
# Visual Studio Version 17
VisualStudioVersion = 17.6.33815.320
MinimumVisualStudioVersion = 10.0.40219.1
Project("{FAE04EC0-301F-11D3-BF4B-00C04F79EFBC}") = "Exercice3", "Exercice3\Exercice3.csproj", "{BD20A26F-12B9-41DB-92DA-83998CBB9628}"
EndProject
Global
	GlobalSection(SolutionConfigurationPlatforms) = preSolution
		Debug|Any CPU = Debug|Any CPU
		Release|Any CPU = Release|Any CPU
	EndGlobalSection
	GlobalSection(ProjectConfigurationPlatforms) = postSolution
		{BD20A26F-12B9-41DB-92DA-83998CBB9628}.Debug|Any CPU.ActiveCfg = Debug|Any CPU
		{BD20A26F-12B9-41DB-92DA-83998CBB9628}.Debug|Any CPU.Build.0 = Debug|Any CPU
		{BD20A26F-12B9-41DB-92DA-83998CBB9628}.Release|Any CPU.ActiveCfg = Release|Any CPU
		{BD20A26F-12B9-41DB-92DA-83998CBB9628}.Release|Any CPU.Build.0 = Release|Any CPU
	EndGlobalSection
	GlobalSection(SolutionProperties) = preSolution
		HideSolutionNode = FALSE
	EndGlobalSection
	GlobalSection(ExtensibilityGlobals) = postSolution
		SolutionGuid = {CF3875A3-C6F4-439F-8545-381C3063BA28}
	EndGlobalSection
EndGlobal
